
Microsoft Visual Studio Solution File, Format Version 12.00
# Visual Studio Version 16
VisualStudioVersion = 16.0.30413.136
MinimumVisualStudioVersion = 10.0.40219.1
Project("{8BC9CEB8-8B4A-11D0-8D11-00A0C91BC942}") = "TicTacToe", "TicTacToe\TicTacToe.vcxproj", "{A64C1AAC-307E-4C5A-880F-5A818B43C8FE}"
EndProject
Global
	GlobalSection(SolutionConfigurationPlatforms) = preSolution
		Debug|x64 = Debug|x64
		Debug|x86 = Debug|x86
		Release|x64 = Release|x64
		Release|x86 = Release|x86
	EndGlobalSection
	GlobalSection(ProjectConfigurationPlatforms) = postSolution
		{A64C1AAC-307E-4C5A-880F-5A818B43C8FE}.Debug|x64.ActiveCfg = Debug|x64
		{A64C1AAC-307E-4C5A-880F-5A818B43C8FE}.Debug|x64.Build.0 = Debug|x64
		{A64C1AAC-307E-4C5A-880F-5A818B43C8FE}.Debug|x86.ActiveCfg = Debug|Win32
		{A64C1AAC-307E-4C5A-880F-5A818B43C8FE}.Debug|x86.Build.0 = Debug|Win32
		{A64C1AAC-307E-4C5A-880F-5A818B43C8FE}.Release|x64.ActiveCfg = Release|x64
		{A64C1AAC-307E-4C5A-880F-5A818B43C8FE}.Release|x64.Build.0 = Release|x64
		{A64C1AAC-307E-4C5A-880F-5A818B43C8FE}.Release|x86.ActiveCfg = Release|Win32
		{A64C1AAC-307E-4C5A-880F-5A818B43C8FE}.Release|x86.Build.0 = Release|Win32
	EndGlobalSection
	GlobalSection(SolutionProperties) = preSolution
		HideSolutionNode = FALSE
	EndGlobalSection
	GlobalSection(ExtensibilityGlobals) = postSolution
		SolutionGuid = {CED5DDBD-7999-49A0-BCFC-F2A4A9DD96D7}
	EndGlobalSection
EndGlobal
